
Microsoft Visual Studio Solution File, Format Version 12.00
# Visual Studio Version 17
VisualStudioVersion = 17.11.35208.52
MinimumVisualStudioVersion = 10.0.40219.1
Project("{9A19103F-16F7-4668-BE54-9A1E7A4F7556}") = "HackleberryExceptions", "..\Exceptions\HackleberryExceptions.csproj", "{DAAA584A-8464-4019-8698-3AA95569494B}"
EndProject
Project("{9A19103F-16F7-4668-BE54-9A1E7A4F7556}") = "HackleberrySharedModels", "HackleberrySharedModels.csproj", "{482DAA25-5F9B-45F7-A705-0FD405E2CF2D}"
EndProject
Project("{FAE04EC0-301F-11D3-BF4B-00C04F79EFBC}") = "HackleberryServices", "HackleberryServices\HackleberryServices.csproj", "{4C4A0642-B45C-4C88-AD35-71D101334C69}"
EndProject
Global
	GlobalSection(SolutionConfigurationPlatforms) = preSolution
		Debug|Any CPU = Debug|Any CPU
		Release|Any CPU = Release|Any CPU
	EndGlobalSection
	GlobalSection(ProjectConfigurationPlatforms) = postSolution
		{DAAA584A-8464-4019-8698-3AA95569494B}.Debug|Any CPU.ActiveCfg = Debug|Any CPU
		{DAAA584A-8464-4019-8698-3AA95569494B}.Debug|Any CPU.Build.0 = Debug|Any CPU
		{DAAA584A-8464-4019-8698-3AA95569494B}.Release|Any CPU.ActiveCfg = Release|Any CPU
		{DAAA584A-8464-4019-8698-3AA95569494B}.Release|Any CPU.Build.0 = Release|Any CPU
		{482DAA25-5F9B-45F7-A705-0FD405E2CF2D}.Debug|Any CPU.ActiveCfg = Debug|Any CPU
		{482DAA25-5F9B-45F7-A705-0FD405E2CF2D}.Debug|Any CPU.Build.0 = Debug|Any CPU
		{482DAA25-5F9B-45F7-A705-0FD405E2CF2D}.Release|Any CPU.ActiveCfg = Release|Any CPU
		{482DAA25-5F9B-45F7-A705-0FD405E2CF2D}.Release|Any CPU.Build.0 = Release|Any CPU
		{4C4A0642-B45C-4C88-AD35-71D101334C69}.Debug|Any CPU.ActiveCfg = Debug|Any CPU
		{4C4A0642-B45C-4C88-AD35-71D101334C69}.Debug|Any CPU.Build.0 = Debug|Any CPU
		{4C4A0642-B45C-4C88-AD35-71D101334C69}.Release|Any CPU.ActiveCfg = Release|Any CPU
		{4C4A0642-B45C-4C88-AD35-71D101334C69}.Release|Any CPU.Build.0 = Release|Any CPU
	EndGlobalSection
	GlobalSection(SolutionProperties) = preSolution
		HideSolutionNode = FALSE
	EndGlobalSection
	GlobalSection(ExtensibilityGlobals) = postSolution
		SolutionGuid = {B7ABA20E-7DBB-4304-AC11-F6DC11ED33D1}
	EndGlobalSection
EndGlobal
